
Microsoft Visual Studio Solution File, Format Version 12.00
# Visual Studio Version 18
VisualStudioVersion = 18.2.11408.102
MinimumVisualStudioVersion = 10.0.40219.1
Project("{9A19103F-16F7-4668-BE54-9A1E7A4F7556}") = "BDF.DVDCentral.BL.Models", "BDF.DVDCentral.BL.Models\BDF.DVDCentral.BL.Models.csproj", "{6A3E72D5-53CC-4EB3-8BFE-65286DB79AFA}"
EndProject
Project("{9A19103F-16F7-4668-BE54-9A1E7A4F7556}") = "BDF.DVDCentral.PL", "BDF.DVDCentral.PL\BDF.DVDCentral.PL.csproj", "{11FB5917-0C1D-4FF2-84B6-1B32D0DF6AE0}"
EndProject
Project("{2150E333-8FDC-42A3-9474-1A3956D46DE8}") = "Solution Items", "Solution Items", "{CC634E7B-1084-4035-84EE-519C361FE8A5}"
	ProjectSection(SolutionItems) = preProject
		.editorconfig = .editorconfig
		OpenAI.md = OpenAI.md
		TextFile1.txt = TextFile1.txt
	EndProjectSection
EndProject
Project("{9A19103F-16F7-4668-BE54-9A1E7A4F7556}") = "BDF.DVDCentral.PL.Test", "BDF.DVDCentral.PL.Test\BDF.DVDCentral.PL.Test.csproj", "{247335F9-8571-4B77-9EFD-00B312437EE8}"
EndProject
Project("{9A19103F-16F7-4668-BE54-9A1E7A4F7556}") = "BDF.DVDCentral.BL", "BDF.DVDCentral.BL\BDF.DVDCentral.BL.csproj", "{2717C45A-9D5B-40CD-9B12-B60ED92CC46C}"
EndProject
Project("{9A19103F-16F7-4668-BE54-9A1E7A4F7556}") = "BDF.DVDCentral.BL.Test", "BDF.DVDCentral.BL.Test\BDF.DVDCentral.BL.Test.csproj", "{011ACB2A-1F05-4285-927A-E490C82DAD55}"
EndProject
Project("{9A19103F-16F7-4668-BE54-9A1E7A4F7556}") = "BDF.DVDCentral.UI", "BDF.DVDCentral.UI\BDF.DVDCentral.UI.csproj", "{8CAB5D2D-EAE1-440F-B8BB-CAB22652F8EB}"
EndProject
Project("{FAE04EC0-301F-11D3-BF4B-00C04F79EFBC}") = "BDF.DVDCentral.API", "BDF.DVDCentral.API\BDF.DVDCentral.API.csproj", "{A95CAD9E-DC6C-4B48-8B76-0967AF6D33AC}"
EndProject
Project("{FAE04EC0-301F-11D3-BF4B-00C04F79EFBC}") = "BDF.DVDCentral.MigrationHandler", "BDF.DVDCentral.MigrationHandler\BDF.DVDCentral.MigrationHandler.csproj", "{2D4AD774-50EF-4463-80F6-B140A41F2723}"
EndProject
Project("{00D1A9C2-B5F0-4AF3-8072-F6C62B433612}") = "BDF.DVDCentral.DB", "BDF.DVDCentral.DB\BDF.DVDCentral.DB.sqlproj", "{89ABF542-C702-4390-B9C2-AA699B39F545}"
EndProject
Project("{FAE04EC0-301F-11D3-BF4B-00C04F79EFBC}") = "BDF.DVDCentral.API.Test", "BDF.DVDCentral.API.Test\BDF.DVDCentral.API.Test.csproj", "{9AFCC7A2-14C1-4525-BA73-B3E9D7746811}"
EndProject
Project("{FAE04EC0-301F-11D3-BF4B-00C04F79EFBC}") = "FVTC.Utility", "FVTC.Utility\FVTC.Utility.csproj", "{1538B17E-92D9-4524-99B6-F9106B72C8B3}"
EndProject
Project("{FAE04EC0-301F-11D3-BF4B-00C04F79EFBC}") = "BDF.DVDCentral.WPFUI", "BDF.DVDCentral.WPFUI\BDF.DVDCentral.WPFUI.csproj", "{4AE55907-2FA9-41BE-AA1D-A03D3C730857}"
EndProject
Project("{FAE04EC0-301F-11D3-BF4B-00C04F79EFBC}") = "BDF.DVDCentral.WinFormUI", "BDF.DVDCentral.WinFormUI\BDF.DVDCentral.WinFormUI.csproj", "{B44F1185-2296-4DF4-9889-F76E71687278}"
EndProject
Project("{FAE04EC0-301F-11D3-BF4B-00C04F79EFBC}") = "BDF.LunchOrder.Web", "BDF.LunchOrder.Web\BDF.LunchOrder.Web.csproj", "{29EFE5D9-F392-A4A2-9484-4861F1B23A26}"
EndProject
Project("{FAE04EC0-301F-11D3-BF4B-00C04F79EFBC}") = "BDF.DVDCentral.UIConsole", "BDF.DVDCentral.UIConsole\BDF.DVDCentral.UIConsole.csproj", "{31AF9987-4461-62A9-CA9F-87CE6EB8F23E}"
EndProject
Global
	GlobalSection(SolutionConfigurationPlatforms) = preSolution
		Debug|Any CPU = Debug|Any CPU
		Release|Any CPU = Release|Any CPU
	EndGlobalSection
	GlobalSection(ProjectConfigurationPlatforms) = postSolution
		{6A3E72D5-53CC-4EB3-8BFE-65286DB79AFA}.Debug|Any CPU.ActiveCfg = Debug|Any CPU
		{6A3E72D5-53CC-4EB3-8BFE-65286DB79AFA}.Debug|Any CPU.Build.0 = Debug|Any CPU
		{6A3E72D5-53CC-4EB3-8BFE-65286DB79AFA}.Release|Any CPU.ActiveCfg = Release|Any CPU
		{6A3E72D5-53CC-4EB3-8BFE-65286DB79AFA}.Release|Any CPU.Build.0 = Release|Any CPU
		{11FB5917-0C1D-4FF2-84B6-1B32D0DF6AE0}.Debug|Any CPU.ActiveCfg = Debug|Any CPU
		{11FB5917-0C1D-4FF2-84B6-1B32D0DF6AE0}.Debug|Any CPU.Build.0 = Debug|Any CPU
		{11FB5917-0C1D-4FF2-84B6-1B32D0DF6AE0}.Release|Any CPU.ActiveCfg = Release|Any CPU
		{11FB5917-0C1D-4FF2-84B6-1B32D0DF6AE0}.Release|Any CPU.Build.0 = Release|Any CPU
		{247335F9-8571-4B77-9EFD-00B312437EE8}.Debug|Any CPU.ActiveCfg = Debug|Any CPU
		{247335F9-8571-4B77-9EFD-00B312437EE8}.Debug|Any CPU.Build.0 = Debug|Any CPU
		{247335F9-8571-4B77-9EFD-00B312437EE8}.Release|Any CPU.ActiveCfg = Release|Any CPU
		{247335F9-8571-4B77-9EFD-00B312437EE8}.Release|Any CPU.Build.0 = Release|Any CPU
		{2717C45A-9D5B-40CD-9B12-B60ED92CC46C}.Debug|Any CPU.ActiveCfg = Debug|Any CPU
		{2717C45A-9D5B-40CD-9B12-B60ED92CC46C}.Debug|Any CPU.Build.0 = Debug|Any CPU
		{2717C45A-9D5B-40CD-9B12-B60ED92CC46C}.Release|Any CPU.ActiveCfg = Release|Any CPU
		{2717C45A-9D5B-40CD-9B12-B60ED92CC46C}.Release|Any CPU.Build.0 = Release|Any CPU
		{011ACB2A-1F05-4285-927A-E490C82DAD55}.Debug|Any CPU.ActiveCfg = Debug|Any CPU
		{011ACB2A-1F05-4285-927A-E490C82DAD55}.Debug|Any CPU.Build.0 = Debug|Any CPU
		{011ACB2A-1F05-4285-927A-E490C82DAD55}.Release|Any CPU.ActiveCfg = Release|Any CPU
		{011ACB2A-1F05-4285-927A-E490C82DAD55}.Release|Any CPU.Build.0 = Release|Any CPU
		{8CAB5D2D-EAE1-440F-B8BB-CAB22652F8EB}.Debug|Any CPU.ActiveCfg = Debug|Any CPU
		{8CAB5D2D-EAE1-440F-B8BB-CAB22652F8EB}.Debug|Any CPU.Build.0 = Debug|Any CPU
		{8CAB5D2D-EAE1-440F-B8BB-CAB22652F8EB}.Release|Any CPU.ActiveCfg = Release|Any CPU
		{8CAB5D2D-EAE1-440F-B8BB-CAB22652F8EB}.Release|Any CPU.Build.0 = Release|Any CPU
		{A95CAD9E-DC6C-4B48-8B76-0967AF6D33AC}.Debug|Any CPU.ActiveCfg = Debug|Any CPU
		{A95CAD9E-DC6C-4B48-8B76-0967AF6D33AC}.Debug|Any CPU.Build.0 = Debug|Any CPU
		{A95CAD9E-DC6C-4B48-8B76-0967AF6D33AC}.Release|Any CPU.ActiveCfg = Release|Any CPU
		{A95CAD9E-DC6C-4B48-8B76-0967AF6D33AC}.Release|Any CPU.Build.0 = Release|Any CPU
		{2D4AD774-50EF-4463-80F6-B140A41F2723}.Debug|Any CPU.ActiveCfg = Debug|Any CPU
		{2D4AD774-50EF-4463-80F6-B140A41F2723}.Debug|Any CPU.Build.0 = Debug|Any CPU
		{2D4AD774-50EF-4463-80F6-B140A41F2723}.Release|Any CPU.ActiveCfg = Release|Any CPU
		{2D4AD774-50EF-4463-80F6-B140A41F2723}.Release|Any CPU.Build.0 = Release|Any CPU
		{89ABF542-C702-4390-B9C2-AA699B39F545}.Debug|Any CPU.ActiveCfg = Debug|Any CPU
		{89ABF542-C702-4390-B9C2-AA699B39F545}.Debug|Any CPU.Build.0 = Debug|Any CPU
		{89ABF542-C702-4390-B9C2-AA699B39F545}.Debug|Any CPU.Deploy.0 = Debug|Any CPU
		{89ABF542-C702-4390-B9C2-AA699B39F545}.Release|Any CPU.ActiveCfg = Release|Any CPU
		{89ABF542-C702-4390-B9C2-AA699B39F545}.Release|Any CPU.Build.0 = Release|Any CPU
		{89ABF542-C702-4390-B9C2-AA699B39F545}.Release|Any CPU.Deploy.0 = Release|Any CPU
		{9AFCC7A2-14C1-4525-BA73-B3E9D7746811}.Debug|Any CPU.ActiveCfg = Debug|Any CPU
		{9AFCC7A2-14C1-4525-BA73-B3E9D7746811}.Debug|Any CPU.Build.0 = Debug|Any CPU
		{9AFCC7A2-14C1-4525-BA73-B3E9D7746811}.Release|Any CPU.ActiveCfg = Release|Any CPU
		{9AFCC7A2-14C1-4525-BA73-B3E9D7746811}.Release|Any CPU.Build.0 = Release|Any CPU
		{1538B17E-92D9-4524-99B6-F9106B72C8B3}.Debug|Any CPU.ActiveCfg = Debug|Any CPU
		{1538B17E-92D9-4524-99B6-F9106B72C8B3}.Debug|Any CPU.Build.0 = Debug|Any CPU
		{1538B17E-92D9-4524-99B6-F9106B72C8B3}.Release|Any CPU.ActiveCfg = Release|Any CPU
		{1538B17E-92D9-4524-99B6-F9106B72C8B3}.Release|Any CPU.Build.0 = Release|Any CPU
		{4AE55907-2FA9-41BE-AA1D-A03D3C730857}.Debug|Any CPU.ActiveCfg = Debug|Any CPU
		{4AE55907-2FA9-41BE-AA1D-A03D3C730857}.Debug|Any CPU.Build.0 = Debug|Any CPU
		{4AE55907-2FA9-41BE-AA1D-A03D3C730857}.Release|Any CPU.ActiveCfg = Release|Any CPU
		{4AE55907-2FA9-41BE-AA1D-A03D3C730857}.Release|Any CPU.Build.0 = Release|Any CPU
		{B44F1185-2296-4DF4-9889-F76E71687278}.Debug|Any CPU.ActiveCfg = Debug|Any CPU
		{B44F1185-2296-4DF4-9889-F76E71687278}.Debug|Any CPU.Build.0 = Debug|Any CPU
		{B44F1185-2296-4DF4-9889-F76E71687278}.Release|Any CPU.ActiveCfg = Release|Any CPU
		{B44F1185-2296-4DF4-9889-F76E71687278}.Release|Any CPU.Build.0 = Release|Any CPU
		{FD7374E8-2430-4B79-8FD2-353515D782CA}.Debug|Any CPU.ActiveCfg = Debug|Any CPU
		{FD7374E8-2430-4B79-8FD2-353515D782CA}.Debug|Any CPU.Build.0 = Debug|Any CPU
		{FD7374E8-2430-4B79-8FD2-353515D782CA}.Debug|Any CPU.Deploy.0 = Debug|Any CPU
		{FD7374E8-2430-4B79-8FD2-353515D782CA}.Release|Any CPU.ActiveCfg = Release|Any CPU
		{FD7374E8-2430-4B79-8FD2-353515D782CA}.Release|Any CPU.Build.0 = Release|Any CPU
		{29EFE5D9-F392-A4A2-9484-4861F1B23A26}.Debug|Any CPU.ActiveCfg = Debug|Any CPU
		{29EFE5D9-F392-A4A2-9484-4861F1B23A26}.Debug|Any CPU.Build.0 = Debug|Any CPU
		{29EFE5D9-F392-A4A2-9484-4861F1B23A26}.Release|Any CPU.ActiveCfg = Release|Any CPU
		{29EFE5D9-F392-A4A2-9484-4861F1B23A26}.Release|Any CPU.Build.0 = Release|Any CPU
		{31AF9987-4461-62A9-CA9F-87CE6EB8F23E}.Debug|Any CPU.ActiveCfg = Debug|Any CPU
		{31AF9987-4461-62A9-CA9F-87CE6EB8F23E}.Debug|Any CPU.Build.0 = Debug|Any CPU
		{31AF9987-4461-62A9-CA9F-87CE6EB8F23E}.Release|Any CPU.ActiveCfg = Release|Any CPU
		{31AF9987-4461-62A9-CA9F-87CE6EB8F23E}.Release|Any CPU.Build.0 = Release|Any CPU
	EndGlobalSection
	GlobalSection(SolutionProperties) = preSolution
		HideSolutionNode = FALSE
	EndGlobalSection
	GlobalSection(ExtensibilityGlobals) = postSolution
		SolutionGuid = {AFACC323-176E-4726-91E5-070B958E0AC2}
	EndGlobalSection
EndGlobal
